// !$*UTF8*$!
{
	archiveVersion = 1;
	classes = {
	};
	objectVersion = 56;
	objects = {

/* Begin PBXBuildFile section */
		4F186AE0295CCBE80036EF45 /* FeedCell.swift in Sources */ = {isa = PBXBuildFile; fileRef = 4F186ADF295CCBE80036EF45 /* FeedCell.swift */; };
		4F186AE2295CD4970036EF45 /* Post.swift in Sources */ = {isa = PBXBuildFile; fileRef = 4F186AE1295CD4960036EF45 /* Post.swift */; };
		4F186AE5295CDD3C0036EF45 /* SDWebImage in Frameworks */ = {isa = PBXBuildFile; productRef = 4F186AE4295CDD3C0036EF45 /* SDWebImage */; };
		4F1D405A295C8D6100B28287 /* FirebaseAuth in Frameworks */ = {isa = PBXBuildFile; productRef = 4F1D4059295C8D6100B28287 /* FirebaseAuth */; };
		4F1D405C295C8D6100B28287 /* FirebaseFirestore in Frameworks */ = {isa = PBXBuildFile; productRef = 4F1D405B295C8D6100B28287 /* FirebaseFirestore */; };
		4F1D405E295C8D6100B28287 /* FirebaseStorage in Frameworks */ = {isa = PBXBuildFile; productRef = 4F1D405D295C8D6100B28287 /* FirebaseStorage */; };
		4F1FDFC9295A08EB0013F6E6 /* FeedViewController.swift in Sources */ = {isa = PBXBuildFile; fileRef = 4F1FDFC8295A08EB0013F6E6 /* FeedViewController.swift */; };
		4F1FDFCB295A09000013F6E6 /* UploadViewController.swift in Sources */ = {isa = PBXBuildFile; fileRef = 4F1FDFCA295A09000013F6E6 /* UploadViewController.swift */; };
		4F1FDFCD295A092B0013F6E6 /* SettingsViewController.swift in Sources */ = {isa = PBXBuildFile; fileRef = 4F1FDFCC295A092B0013F6E6 /* SettingsViewController.swift */; };
		4FF1780B2959FA1D0012B22D /* AppDelegate.swift in Sources */ = {isa = PBXBuildFile; fileRef = 4FF1780A2959FA1D0012B22D /* AppDelegate.swift */; };
		4FF1780D2959FA1D0012B22D /* SceneDelegate.swift in Sources */ = {isa = PBXBuildFile; fileRef = 4FF1780C2959FA1D0012B22D /* SceneDelegate.swift */; };
		4FF1780F2959FA1D0012B22D /* ViewController.swift in Sources */ = {isa = PBXBuildFile; fileRef = 4FF1780E2959FA1D0012B22D /* ViewController.swift */; };
		4FF178122959FA1D0012B22D /* Main.storyboard in Resources */ = {isa = PBXBuildFile; fileRef = 4FF178102959FA1D0012B22D /* Main.storyboard */; };
		4FF178142959FA1E0012B22D /* Assets.xcassets in Resources */ = {isa = PBXBuildFile; fileRef = 4FF178132959FA1E0012B22D /* Assets.xcassets */; };
		4FF178172959FA1E0012B22D /* LaunchScreen.storyboard in Resources */ = {isa = PBXBuildFile; fileRef = 4FF178152959FA1E0012B22D /* LaunchScreen.storyboard */; };
		4FF178212959FC740012B22D /* GoogleService-Info.plist in Resources */ = {isa = PBXBuildFile; fileRef = 4FF178202959FC740012B22D /* GoogleService-Info.plist */; };
/* End PBXBuildFile section */

/* Begin PBXFileReference section */
		4F186ADF295CCBE80036EF45 /* FeedCell.swift */ = {isa = PBXFileReference; lastKnownFileType = sourcecode.swift; path = FeedCell.swift; sourceTree = "<group>"; };
		4F186AE1295CD4960036EF45 /* Post.swift */ = {isa = PBXFileReference; lastKnownFileType = sourcecode.swift; path = Post.swift; sourceTree = "<group>"; };
		4F1FDFC8295A08EB0013F6E6 /* FeedViewController.swift */ = {isa = PBXFileReference; lastKnownFileType = sourcecode.swift; path = FeedViewController.swift; sourceTree = "<group>"; };
		4F1FDFCA295A09000013F6E6 /* UploadViewController.swift */ = {isa = PBXFileReference; lastKnownFileType = sourcecode.swift; path = UploadViewController.swift; sourceTree = "<group>"; };
		4F1FDFCC295A092B0013F6E6 /* SettingsViewController.swift */ = {isa = PBXFileReference; lastKnownFileType = sourcecode.swift; path = SettingsViewController.swift; sourceTree = "<group>"; };
		4FF178072959FA1D0012B22D /* PhotoSharingApp.app */ = {isa = PBXFileReference; explicitFileType = wrapper.application; includeInIndex = 0; path = PhotoSharingApp.app; sourceTree = BUILT_PRODUCTS_DIR; };
		4FF1780A2959FA1D0012B22D /* AppDelegate.swift */ = {isa = PBXFileReference; lastKnownFileType = sourcecode.swift; path = AppDelegate.swift; sourceTree = "<group>"; };
		4FF1780C2959FA1D0012B22D /* SceneDelegate.swift */ = {isa = PBXFileReference; lastKnownFileType = sourcecode.swift; path = SceneDelegate.swift; sourceTree = "<group>"; };
		4FF1780E2959FA1D0012B22D /* ViewController.swift */ = {isa = PBXFileReference; lastKnownFileType = sourcecode.swift; path = ViewController.swift; sourceTree = "<group>"; };
		4FF178112959FA1D0012B22D /* Base */ = {isa = PBXFileReference; lastKnownFileType = file.storyboard; name = Base; path = Base.lproj/Main.storyboard; sourceTree = "<group>"; };
		4FF178132959FA1E0012B22D /* Assets.xcassets */ = {isa = PBXFileReference; lastKnownFileType = folder.assetcatalog; path = Assets.xcassets; sourceTree = "<group>"; };
		4FF178162959FA1E0012B22D /* Base */ = {isa = PBXFileReference; lastKnownFileType = file.storyboard; name = Base; path = Base.lproj/LaunchScreen.storyboard; sourceTree = "<group>"; };
		4FF178182959FA1E0012B22D /* Info.plist */ = {isa = PBXFileReference; lastKnownFileType = text.plist.xml; path = Info.plist; sourceTree = "<group>"; };
		4FF178202959FC740012B22D /* GoogleService-Info.plist */ = {isa = PBXFileReference; fileEncoding = 4; lastKnownFileType = text.plist.xml; path = "GoogleService-Info.plist"; sourceTree = "<group>"; };
/* End PBXFileReference section */

/* Begin PBXFrameworksBuildPhase section */
		4FF178042959FA1D0012B22D /* Frameworks */ = {
			isa = PBXFrameworksBuildPhase;
			buildActionMask = 2147483647;
			files = (
				4F1D405A295C8D6100B28287 /* FirebaseAuth in Frameworks */,
				4F1D405C295C8D6100B28287 /* FirebaseFirestore in Frameworks */,
				4F186AE5295CDD3C0036EF45 /* SDWebImage in Frameworks */,
				4F1D405E295C8D6100B28287 /* FirebaseStorage in Frameworks */,
			);
			runOnlyForDeploymentPostprocessing = 0;
		};
/* End PBXFrameworksBuildPhase section */

/* Begin PBXGroup section */
		4FF177FE2959FA1D0012B22D = {
			isa = PBXGroup;
			children = (
				4FF178092959FA1D0012B22D /* PhotoSharingApp */,
				4FF178082959FA1D0012B22D /* Products */,
			);
			sourceTree = "<group>";
		};
		4FF178082959FA1D0012B22D /* Products */ = {
			isa = PBXGroup;
			children = (
				4FF178072959FA1D0012B22D /* PhotoSharingApp.app */,
			);
			name = Products;
			sourceTree = "<group>";
		};
		4FF178092959FA1D0012B22D /* PhotoSharingApp */ = {
			isa = PBXGroup;
			children = (
				4FF1780A2959FA1D0012B22D /* AppDelegate.swift */,
				4FF1780C2959FA1D0012B22D /* SceneDelegate.swift */,
				4FF1780E2959FA1D0012B22D /* ViewController.swift */,
				4F1FDFC8295A08EB0013F6E6 /* FeedViewController.swift */,
				4F1FDFCA295A09000013F6E6 /* UploadViewController.swift */,
				4F1FDFCC295A092B0013F6E6 /* SettingsViewController.swift */,
				4F186ADF295CCBE80036EF45 /* FeedCell.swift */,
				4F186AE1295CD4960036EF45 /* Post.swift */,
				4FF178102959FA1D0012B22D /* Main.storyboard */,
				4FF178132959FA1E0012B22D /* Assets.xcassets */,
				4FF178152959FA1E0012B22D /* LaunchScreen.storyboard */,
				4FF178182959FA1E0012B22D /* Info.plist */,
				4FF178202959FC740012B22D /* GoogleService-Info.plist */,
			);
			path = PhotoSharingApp;
			sourceTree = "<group>";
		};
/* End PBXGroup section */

/* Begin PBXNativeTarget section */
		4FF178062959FA1D0012B22D /* PhotoSharingApp */ = {
			isa = PBXNativeTarget;
			buildConfigurationList = 4FF1781B2959FA1E0012B22D /* Build configuration list for PBXNativeTarget "PhotoSharingApp" */;
			buildPhases = (
				4FF178032959FA1D0012B22D /* Sources */,
				4FF178042959FA1D0012B22D /* Frameworks */,
				4FF178052959FA1D0012B22D /* Resources */,
			);
			buildRules = (
			);
			dependencies = (
			);
			name = PhotoSharingApp;
			packageProductDependencies = (
				4F1D4059295C8D6100B28287 /* FirebaseAuth */,
				4F1D405B295C8D6100B28287 /* FirebaseFirestore */,
				4F1D405D295C8D6100B28287 /* FirebaseStorage */,
				4F186AE4295CDD3C0036EF45 /* SDWebImage */,
			);
			productName = PhotoSharingApp;
			productReference = 4FF178072959FA1D0012B22D /* PhotoSharingApp.app */;
			productType = "com.apple.product-type.application";
		};
/* End PBXNativeTarget section */

/* Begin PBXProject section */
		4FF177FF2959FA1D0012B22D /* Project object */ = {
			isa = PBXProject;
			attributes = {
				BuildIndependentTargetsInParallel = 1;
				LastSwiftUpdateCheck = 1410;
				LastUpgradeCheck = 1410;
				TargetAttributes = {
					4FF178062959FA1D0012B22D = {
						CreatedOnToolsVersion = 14.1;
					};
				};
			};
			buildConfigurationList = 4FF178022959FA1D0012B22D /* Build configuration list for PBXProject "PhotoSharingApp" */;
			compatibilityVersion = "Xcode 14.0";
			developmentRegion = en;
			hasScannedForEncodings = 0;
			knownRegions = (
				en,
				Base,
			);
			mainGroup = 4FF177FE2959FA1D0012B22D;
			packageReferences = (
				4F1D4058295C8D6000B28287 /* XCRemoteSwiftPackageReference "firebase-ios-sdk" */,
				4F186AE3295CDD3C0036EF45 /* XCRemoteSwiftPackageReference "SDWebImage" */,
			);
			productRefGroup = 4FF178082959FA1D0012B22D /* Products */;
			projectDirPath = "";
			projectRoot = "";
			targets = (
				4FF178062959FA1D0012B22D /* PhotoSharingApp */,
			);
		};
/* End PBXProject section */

/* Begin PBXResourcesBuildPhase section */
		4FF178052959FA1D0012B22D /* Resources */ = {
			isa = PBXResourcesBuildPhase;
			buildActionMask = 2147483647;
			files = (
				4FF178172959FA1E0012B22D /* LaunchScreen.storyboard in Resources */,
				4FF178212959FC740012B22D /* GoogleService-Info.plist in Resources */,
				4FF178142959FA1E0012B22D /* Assets.xcassets in Resources */,
				4FF178122959FA1D0012B22D /* Main.storyboard in Resources */,
			);
			runOnlyForDeploymentPostprocessing = 0;
		};
/* End PBXResourcesBuildPhase section */

/* Begin PBXSourcesBuildPhase section */
		4FF178032959FA1D0012B22D /* Sources */ = {
			isa = PBXSourcesBuildPhase;
			buildActionMask = 2147483647;
			files = (
				4F186AE0295CCBE80036EF45 /* FeedCell.swift in Sources */,
				4FF1780F2959FA1D0012B22D /* ViewController.swift in Sources */,
				4F1FDFCB295A09000013F6E6 /* UploadViewController.swift in Sources */,
				4F186AE2295CD4970036EF45 /* Post.swift in Sources */,
				4FF1780B2959FA1D0012B22D /* AppDelegate.swift in Sources */,
				4F1FDFC9295A08EB0013F6E6 /* FeedViewController.swift in Sources */,
				4FF1780D2959FA1D0012B22D /* SceneDelegate.swift in Sources */,
				4F1FDFCD295A092B0013F6E6 /* SettingsViewController.swift in Sources */,
			);
			runOnlyForDeploymentPostprocessing = 0;
		};
/* End PBXSourcesBuildPhase section */

/* Begin PBXVariantGroup section */
		4FF178102959FA1D0012B22D /* Main.storyboard */ = {
			isa = PBXVariantGroup;
			children = (
				4FF178112959FA1D0012B22D /* Base */,
			);
			name = Main.storyboard;
			sourceTree = "<group>";
		};
		4FF178152959FA1E0012B22D /* LaunchScreen.storyboard */ = {
			isa = PBXVariantGroup;
			children = (
				4FF178162959FA1E0012B22D /* Base */,
			);
			name = LaunchScreen.storyboard;
			sourceTree = "<group>";
		};
/* End PBXVariantGroup section */

/* Begin XCBuildConfiguration section */
		4FF178192959FA1E0012B22D /* Debug */ = {
			isa = XCBuildConfiguration;
			buildSettings = {
				ALWAYS_SEARCH_USER_PATHS = NO;
				CLANG_ANALYZER_NONNULL = YES;
				CLANG_ANALYZER_NUMBER_OBJECT_CONVERSION = YES_AGGRESSIVE;
				CLANG_CXX_LANGUAGE_STANDARD = "gnu++20";
				CLANG_ENABLE_MODULES = YES;
				CLANG_ENABLE_OBJC_ARC = YES;
				CLANG_ENABLE_OBJC_WEAK = YES;
				CLANG_WARN_BLOCK_CAPTURE_AUTORELEASING = YES;
				CLANG_WARN_BOOL_CONVERSION = YES;
				CLANG_WARN_COMMA = YES;
				CLANG_WARN_CONSTANT_CONVERSION = YES;
				CLANG_WARN_DEPRECATED_OBJC_IMPLEMENTATIONS = YES;
				CLANG_WARN_DIRECT_OBJC_ISA_USAGE = YES_ERROR;
				CLANG_WARN_DOCUMENTATION_COMMENTS = YES;
				CLANG_WARN_EMPTY_BODY = YES;
				CLANG_WARN_ENUM_CONVERSION = YES;
				CLANG_WARN_INFINITE_RECURSION = YES;
				CLANG_WARN_INT_CONVERSION = YES;
				CLANG_WARN_NON_LITERAL_NULL_CONVERSION = YES;
				CLANG_WARN_OBJC_IMPLICIT_RETAIN_SELF = YES;
				CLANG_WARN_OBJC_LITERAL_CONVERSION = YES;
				CLANG_WARN_OBJC_ROOT_CLASS = YES_ERROR;
				CLANG_WARN_QUOTED_INCLUDE_IN_FRAMEWORK_HEADER = YES;
				CLANG_WARN_RANGE_LOOP_ANALYSIS = YES;
				CLANG_WARN_STRICT_PROTOTYPES = YES;
				CLANG_WARN_SUSPICIOUS_MOVE = YES;
				CLANG_WARN_UNGUARDED_AVAILABILITY = YES_AGGRESSIVE;
				CLANG_WARN_UNREACHABLE_CODE = YES;
				CLANG_WARN__DUPLICATE_METHOD_MATCH = YES;
				COPY_PHASE_STRIP = NO;
				DEBUG_INFORMATION_FORMAT = dwarf;
				ENABLE_STRICT_OBJC_MSGSEND = YES;
				ENABLE_TESTABILITY = YES;
				GCC_C_LANGUAGE_STANDARD = gnu11;
				GCC_DYNAMIC_NO_PIC = NO;
				GCC_NO_COMMON_BLOCKS = YES;
				GCC_OPTIMIZATION_LEVEL = 0;
				GCC_PREPROCESSOR_DEFINITIONS = (
					"DEBUG=1",
					"$(inherited)",
				);
				GCC_WARN_64_TO_32_BIT_CONVERSION = YES;
				GCC_WARN_ABOUT_RETURN_TYPE = YES_ERROR;
				GCC_WARN_UNDECLARED_SELECTOR = YES;
				GCC_WARN_UNINITIALIZED_AUTOS = YES_AGGRESSIVE;
				GCC_WARN_UNUSED_FUNCTION = YES;
				GCC_WARN_UNUSED_VARIABLE = YES;
				IPHONEOS_DEPLOYMENT_TARGET = 16.1;
				MTL_ENABLE_DEBUG_INFO = INCLUDE_SOURCE;
				MTL_FAST_MATH = YES;
				ONLY_ACTIVE_ARCH = YES;
				SDKROOT = iphoneos;
				SWIFT_ACTIVE_COMPILATION_CONDITIONS = DEBUG;
				SWIFT_OPTIMIZATION_LEVEL = "-Onone";
			};
			name = Debug;
		};
		4FF1781A2959FA1E0012B22D /* Release */ = {
			isa = XCBuildConfiguration;
			buildSettings = {
				ALWAYS_SEARCH_USER_PATHS = NO;
				CLANG_ANALYZER_NONNULL = YES;
				CLANG_ANALYZER_NUMBER_OBJECT_CONVERSION = YES_AGGRESSIVE;
				CLANG_CXX_LANGUAGE_STANDARD = "gnu++20";
				CLANG_ENABLE_MODULES = YES;
				CLANG_ENABLE_OBJC_ARC = YES;
				CLANG_ENABLE_OBJC_WEAK = YES;
				CLANG_WARN_BLOCK_CAPTURE_AUTORELEASING = YES;
				CLANG_WARN_BOOL_CONVERSION = YES;
				CLANG_WARN_COMMA = YES;
				CLANG_WARN_CONSTANT_CONVERSION = YES;
				CLANG_WARN_DEPRECATED_OBJC_IMPLEMENTATIONS = YES;
				CLANG_WARN_DIRECT_OBJC_ISA_USAGE = YES_ERROR;
				CLANG_WARN_DOCUMENTATION_COMMENTS = YES;
				CLANG_WARN_EMPTY_BODY = YES;
				CLANG_WARN_ENUM_CONVERSION = YES;
				CLANG_WARN_INFINITE_RECURSION = YES;
				CLANG_WARN_INT_CONVERSION = YES;
				CLANG_WARN_NON_LITERAL_NULL_CONVERSION = YES;
				CLANG_WARN_OBJC_IMPLICIT_RETAIN_SELF = YES;
				CLANG_WARN_OBJC_LITERAL_CONVERSION = YES;
				CLANG_WARN_OBJC_ROOT_CLASS = YES_ERROR;
				CLANG_WARN_QUOTED_INCLUDE_IN_FRAMEWORK_HEADER = YES;
				CLANG_WARN_RANGE_LOOP_ANALYSIS = YES;
				CLANG_WARN_STRICT_PROTOTYPES = YES;
				CLANG_WARN_SUSPICIOUS_MOVE = YES;
				CLANG_WARN_UNGUARDED_AVAILABILITY = YES_AGGRESSIVE;
				CLANG_WARN_UNREACHABLE_CODE = YES;
				CLANG_WARN__DUPLICATE_METHOD_MATCH = YES;
				COPY_PHASE_STRIP = NO;
				DEBUG_INFORMATION_FORMAT = "dwarf-with-dsym";
				ENABLE_NS_ASSERTIONS = NO;
				ENABLE_STRICT_OBJC_MSGSEND = YES;
				GCC_C_LANGUAGE_STANDARD = gnu11;
				GCC_NO_COMMON_BLOCKS = YES;
				GCC_WARN_64_TO_32_BIT_CONVERSION = YES;
				GCC_WARN_ABOUT_RETURN_TYPE = YES_ERROR;
				GCC_WARN_UNDECLARED_SELECTOR = YES;
				GCC_WARN_UNINITIALIZED_AUTOS = YES_AGGRESSIVE;
				GCC_WARN_UNUSED_FUNCTION = YES;
				GCC_WARN_UNUSED_VARIABLE = YES;
				IPHONEOS_DEPLOYMENT_TARGET = 16.1;
				MTL_ENABLE_DEBUG_INFO = NO;
				MTL_FAST_MATH = YES;
				SDKROOT = iphoneos;
				SWIFT_COMPILATION_MODE = wholemodule;
				SWIFT_OPTIMIZATION_LEVEL = "-O";
				VALIDATE_PRODUCT = YES;
			};
			name = Release;
		};
		4FF1781C2959FA1E0012B22D /* Debug */ = {
			isa = XCBuildConfiguration;
			buildSettings = {
				ASSETCATALOG_COMPILER_APPICON_NAME = AppIcon;
				ASSETCATALOG_COMPILER_GLOBAL_ACCENT_COLOR_NAME = AccentColor;
				CODE_SIGN_STYLE = Automatic;
				CURRENT_PROJECT_VERSION = 1;
				DEVELOPMENT_TEAM = X4QM49CGR4;
				GENERATE_INFOPLIST_FILE = YES;
				INFOPLIST_FILE = PhotoSharingApp/Info.plist;
				INFOPLIST_KEY_UIApplicationSupportsIndirectInputEvents = YES;
				INFOPLIST_KEY_UILaunchStoryboardName = LaunchScreen;
				INFOPLIST_KEY_UIMainStoryboardFile = Main;
				INFOPLIST_KEY_UISupportedInterfaceOrientations_iPad = "UIInterfaceOrientationPortrait UIInterfaceOrientationPortraitUpsideDown UIInterfaceOrientationLandscapeLeft UIInterfaceOrientationLandscapeRight";
				INFOPLIST_KEY_UISupportedInterfaceOrientations_iPhone = "UIInterfaceOrientationPortrait UIInterfaceOrientationLandscapeLeft UIInterfaceOrientationLandscapeRight";
				LD_RUNPATH_SEARCH_PATHS = (
					"$(inherited)",
					"@executable_path/Frameworks",
				);
				MARKETING_VERSION = 1.0;
				PRODUCT_BUNDLE_IDENTIFIER = com.harundemirkaya.PhotoSharingApp;
				PRODUCT_NAME = "$(TARGET_NAME)";
				SWIFT_EMIT_LOC_STRINGS = YES;
				SWIFT_VERSION = 5.0;
				TARGETED_DEVICE_FAMILY = "1,2";
			};
			name = Debug;
		};
		4FF1781D2959FA1E0012B22D /* Release */ = {
			isa = XCBuildConfiguration;
			buildSettings = {
				ASSETCATALOG_COMPILER_APPICON_NAME = AppIcon;
				ASSETCATALOG_COMPILER_GLOBAL_ACCENT_COLOR_NAME = AccentColor;
				CODE_SIGN_STYLE = Automatic;
				CURRENT_PROJECT_VERSION = 1;
				DEVELOPMENT_TEAM = X4QM49CGR4;
				GENERATE_INFOPLIST_FILE = YES;
				INFOPLIST_FILE = PhotoSharingApp/Info.plist;
				INFOPLIST_KEY_UIApplicationSupportsIndirectInputEvents = YES;
				INFOPLIST_KEY_UILaunchStoryboardName = LaunchScreen;
				INFOPLIST_KEY_UIMainStoryboardFile = Main;
				INFOPLIST_KEY_UISupportedInterfaceOrientations_iPad = "UIInterfaceOrientationPortrait UIInterfaceOrientationPortraitUpsideDown UIInterfaceOrientationLandscapeLeft UIInterfaceOrientationLandscapeRight";
				INFOPLIST_KEY_UISupportedInterfaceOrientations_iPhone = "UIInterfaceOrientationPortrait UIInterfaceOrientationLandscapeLeft UIInterfaceOrientationLandscapeRight";
				LD_RUNPATH_SEARCH_PATHS = (
					"$(inherited)",
					"@executable_path/Frameworks",
				);
				MARKETING_VERSION = 1.0;
				PRODUCT_BUNDLE_IDENTIFIER = com.harundemirkaya.PhotoSharingApp;
				PRODUCT_NAME = "$(TARGET_NAME)";
				SWIFT_EMIT_LOC_STRINGS = YES;
				SWIFT_VERSION = 5.0;
				TARGETED_DEVICE_FAMILY = "1,2";
			};
			name = Release;
		};
/* End XCBuildConfiguration section */

/* Begin XCConfigurationList section */
		4FF178022959FA1D0012B22D /* Build configuration list for PBXProject "PhotoSharingApp" */ = {
			isa = XCConfigurationList;
			buildConfigurations = (
				4FF178192959FA1E0012B22D /* Debug */,
				4FF1781A2959FA1E0012B22D /* Release */,
			);
			defaultConfigurationIsVisible = 0;
			defaultConfigurationName = Release;
		};
		4FF1781B2959FA1E0012B22D /* Build configuration list for PBXNativeTarget "PhotoSharingApp" */ = {
			isa = XCConfigurationList;
			buildConfigurations = (
				4FF1781C2959FA1E0012B22D /* Debug */,
				4FF1781D2959FA1E0012B22D /* Release */,
			);
			defaultConfigurationIsVisible = 0;
			defaultConfigurationName = Release;
		};
/* End XCConfigurationList section */

/* Begin XCRemoteSwiftPackageReference section */
		4F186AE3295CDD3C0036EF45 /* XCRemoteSwiftPackageReference "SDWebImage" */ = {
			isa = XCRemoteSwiftPackageReference;
			repositoryURL = "https://github.com/SDWebImage/SDWebImage.git";
			requirement = {
				kind = upToNextMajorVersion;
				minimumVersion = 5.0.0;
			};
		};
		4F1D4058295C8D6000B28287 /* XCRemoteSwiftPackageReference "firebase-ios-sdk" */ = {
			isa = XCRemoteSwiftPackageReference;
			repositoryURL = "https://github.com/firebase/firebase-ios-sdk";
			requirement = {
				branch = master;
				kind = branch;
			};
		};
/* End XCRemoteSwiftPackageReference section */

/* Begin XCSwiftPackageProductDependency section */
		4F186AE4295CDD3C0036EF45 /* SDWebImage */ = {
			isa = XCSwiftPackageProductDependency;
			package = 4F186AE3295CDD3C0036EF45 /* XCRemoteSwiftPackageReference "SDWebImage" */;
			productName = SDWebImage;
		};
		4F1D4059295C8D6100B28287 /* FirebaseAuth */ = {
			isa = XCSwiftPackageProductDependency;
			package = 4F1D4058295C8D6000B28287 /* XCRemoteSwiftPackageReference "firebase-ios-sdk" */;
			productName = FirebaseAuth;
		};
		4F1D405B295C8D6100B28287 /* FirebaseFirestore */ = {
			isa = XCSwiftPackageProductDependency;
			package = 4F1D4058295C8D6000B28287 /* XCRemoteSwiftPackageReference "firebase-ios-sdk" */;
			productName = FirebaseFirestore;
		};
		4F1D405D295C8D6100B28287 /* FirebaseStorage */ = {
			isa = XCSwiftPackageProductDependency;
			package = 4F1D4058295C8D6000B28287 /* XCRemoteSwiftPackageReference "firebase-ios-sdk" */;
			productName = FirebaseStorage;
		};
/* End XCSwiftPackageProductDependency section */
	};
	rootObject = 4FF177FF2959FA1D0012B22D /* Project object */;
}
